
Microsoft Visual Studio Solution File, Format Version 12.00
# Visual Studio 15
VisualStudioVersion = 15.0.27130.2010
MinimumVisualStudioVersion = 10.0.40219.1
Project("{FAE04EC0-301F-11D3-BF4B-00C04F79EFBC}") = "Data_Collector", "Data_Collector\Data_Collector.csproj", "{3B36DCC2-A547-4A2B-A0D4-8D8122ED1839}"
EndProject
Global
	GlobalSection(SolutionConfigurationPlatforms) = preSolution
		Debug|Any CPU = Debug|Any CPU
		Release|Any CPU = Release|Any CPU
	EndGlobalSection
	GlobalSection(ProjectConfigurationPlatforms) = postSolution
		{3B36DCC2-A547-4A2B-A0D4-8D8122ED1839}.Debug|Any CPU.ActiveCfg = Debug|Any CPU
		{3B36DCC2-A547-4A2B-A0D4-8D8122ED1839}.Debug|Any CPU.Build.0 = Debug|Any CPU
		{3B36DCC2-A547-4A2B-A0D4-8D8122ED1839}.Release|Any CPU.ActiveCfg = Release|Any CPU
		{3B36DCC2-A547-4A2B-A0D4-8D8122ED1839}.Release|Any CPU.Build.0 = Release|Any CPU
	EndGlobalSection
	GlobalSection(SolutionProperties) = preSolution
		HideSolutionNode = FALSE
	EndGlobalSection
	GlobalSection(ExtensibilityGlobals) = postSolution
		SolutionGuid = {548F8281-98BF-4420-9EB9-9A8934A47D34}
	EndGlobalSection
EndGlobal
